
Microsoft Visual Studio Solution File, Format Version 12.00
# Visual Studio Version 17
VisualStudioVersion = 17.9.34728.123
MinimumVisualStudioVersion = 10.0.40219.1
Project("{FAE04EC0-301F-11D3-BF4B-00C04F79EFBC}") = "AmazonTest", "AmazonTest.csproj", "{D40F3423-EA6D-4A5A-8D58-5B5B140898DC}"
EndProject
Global
	GlobalSection(SolutionConfigurationPlatforms) = preSolution
		Debug|Any CPU = Debug|Any CPU
		Release|Any CPU = Release|Any CPU
	EndGlobalSection
	GlobalSection(ProjectConfigurationPlatforms) = postSolution
		{D40F3423-EA6D-4A5A-8D58-5B5B140898DC}.Debug|Any CPU.ActiveCfg = Debug|Any CPU
		{D40F3423-EA6D-4A5A-8D58-5B5B140898DC}.Debug|Any CPU.Build.0 = Debug|Any CPU
		{D40F3423-EA6D-4A5A-8D58-5B5B140898DC}.Release|Any CPU.ActiveCfg = Release|Any CPU
		{D40F3423-EA6D-4A5A-8D58-5B5B140898DC}.Release|Any CPU.Build.0 = Release|Any CPU
	EndGlobalSection
	GlobalSection(SolutionProperties) = preSolution
		HideSolutionNode = FALSE
	EndGlobalSection
	GlobalSection(ExtensibilityGlobals) = postSolution
		SolutionGuid = {F08FA174-CE98-4836-86D9-C6F0C58C0E8D}
	EndGlobalSection
EndGlobal
